
Microsoft Visual Studio Solution File, Format Version 12.00
# Visual Studio Version 17
VisualStudioVersion = 17.3.32825.248
MinimumVisualStudioVersion = 10.0.40219.1
Project("{FAE04EC0-301F-11D3-BF4B-00C04F79EFBC}") = "AdoHT1", "AdoHT1\AdoHT1.csproj", "{B065BBC0-AC58-4742-A6DC-293F41BC6140}"
EndProject
Global
	GlobalSection(SolutionConfigurationPlatforms) = preSolution
		Debug|Any CPU = Debug|Any CPU
		Release|Any CPU = Release|Any CPU
	EndGlobalSection
	GlobalSection(ProjectConfigurationPlatforms) = postSolution
		{B065BBC0-AC58-4742-A6DC-293F41BC6140}.Debug|Any CPU.ActiveCfg = Debug|Any CPU
		{B065BBC0-AC58-4742-A6DC-293F41BC6140}.Debug|Any CPU.Build.0 = Debug|Any CPU
		{B065BBC0-AC58-4742-A6DC-293F41BC6140}.Release|Any CPU.ActiveCfg = Release|Any CPU
		{B065BBC0-AC58-4742-A6DC-293F41BC6140}.Release|Any CPU.Build.0 = Release|Any CPU
	EndGlobalSection
	GlobalSection(SolutionProperties) = preSolution
		HideSolutionNode = FALSE
	EndGlobalSection
	GlobalSection(ExtensibilityGlobals) = postSolution
		SolutionGuid = {4EFA4ADF-950C-4023-857E-39205FAAD88A}
	EndGlobalSection
EndGlobal
